// !$*UTF8*$!
{
	archiveVersion = 1;
	classes = {
	};
	objectVersion = 55;
	objects = {

/* Begin PBXBuildFile section */
		EB72239729B729BC0028EF4C /* main.cpp in Sources */ = {isa = PBXBuildFile; fileRef = EB72239629B729BC0028EF4C /* main.cpp */; };
		EB7223A429B72E720028EF4C /* main.cpp in Sources */ = {isa = PBXBuildFile; fileRef = EB7223A329B72E720028EF4C /* main.cpp */; };
/* End PBXBuildFile section */

/* Begin PBXCopyFilesBuildPhase section */
		EB72239129B729BC0028EF4C /* CopyFiles */ = {
			isa = PBXCopyFilesBuildPhase;
			buildActionMask = 2147483647;
			dstPath = /usr/share/man/man1/;
			dstSubfolderSpec = 0;
			files = (
			);
			runOnlyForDeploymentPostprocessing = 1;
		};
		EB72239F29B72E720028EF4C /* CopyFiles */ = {
			isa = PBXCopyFilesBuildPhase;
			buildActionMask = 2147483647;
			dstPath = /usr/share/man/man1/;
			dstSubfolderSpec = 0;
			files = (
			);
			runOnlyForDeploymentPostprocessing = 1;
		};
/* End PBXCopyFilesBuildPhase section */

/* Begin PBXFileReference section */
		8F3F2D0D29B781C100987ECB /* Test.txt */ = {isa = PBXFileReference; lastKnownFileType = text; path = Test.txt; sourceTree = "<group>"; };
		8F3F2D0E29B781F000987ECB /* TestTwoLine.txt */ = {isa = PBXFileReference; lastKnownFileType = text; path = TestTwoLine.txt; sourceTree = "<group>"; };
		EB72239329B729BC0028EF4C /* ProjectEuler */ = {isa = PBXFileReference; explicitFileType = "compiled.mach-o.executable"; includeInIndex = 0; path = ProjectEuler; sourceTree = BUILT_PRODUCTS_DIR; };
		EB72239629B729BC0028EF4C /* main.cpp */ = {isa = PBXFileReference; lastKnownFileType = sourcecode.cpp.cpp; path = main.cpp; sourceTree = "<group>"; };
		EB7223A129B72E720028EF4C /* probleam15 */ = {isa = PBXFileReference; explicitFileType = "compiled.mach-o.executable"; includeInIndex = 0; path = probleam15; sourceTree = BUILT_PRODUCTS_DIR; };
		EB7223A329B72E720028EF4C /* main.cpp */ = {isa = PBXFileReference; lastKnownFileType = sourcecode.cpp.cpp; path = main.cpp; sourceTree = "<group>"; };
/* End PBXFileReference section */

/* Begin PBXFrameworksBuildPhase section */
		EB72239029B729BC0028EF4C /* Frameworks */ = {
			isa = PBXFrameworksBuildPhase;
			buildActionMask = 2147483647;
			files = (
			);
			runOnlyForDeploymentPostprocessing = 0;
		};
		EB72239E29B72E720028EF4C /* Frameworks */ = {
			isa = PBXFrameworksBuildPhase;
			buildActionMask = 2147483647;
			files = (
			);
			runOnlyForDeploymentPostprocessing = 0;
		};
/* End PBXFrameworksBuildPhase section */

/* Begin PBXGroup section */
		EB72238A29B729BC0028EF4C = {
			isa = PBXGroup;
			children = (
				EB72239529B729BC0028EF4C /* ProjectEuler */,
				EB7223A229B72E720028EF4C /* probleam15 */,
				EB72239429B729BC0028EF4C /* Products */,
			);
			sourceTree = "<group>";
		};
		EB72239429B729BC0028EF4C /* Products */ = {
			isa = PBXGroup;
			children = (
				EB72239329B729BC0028EF4C /* ProjectEuler */,
				EB7223A129B72E720028EF4C /* probleam15 */,
			);
			name = Products;
			sourceTree = "<group>";
		};
		EB72239529B729BC0028EF4C /* ProjectEuler */ = {
			isa = PBXGroup;
			children = (
				EB72239629B729BC0028EF4C /* main.cpp */,
			);
			path = ProjectEuler;
			sourceTree = "<group>";
		};
		EB7223A229B72E720028EF4C /* probleam15 */ = {
			isa = PBXGroup;
			children = (
				EB7223A329B72E720028EF4C /* main.cpp */,
				8F3F2D0D29B781C100987ECB /* Test.txt */,
				8F3F2D0E29B781F000987ECB /* TestTwoLine.txt */,
			);
			path = probleam15;
			sourceTree = "<group>";
		};
/* End PBXGroup section */

/* Begin PBXNativeTarget section */
		EB72239229B729BC0028EF4C /* ProjectEuler */ = {
			isa = PBXNativeTarget;
			buildConfigurationList = EB72239A29B729BC0028EF4C /* Build configuration list for PBXNativeTarget "ProjectEuler" */;
			buildPhases = (
				EB72238F29B729BC0028EF4C /* Sources */,
				EB72239029B729BC0028EF4C /* Frameworks */,
				EB72239129B729BC0028EF4C /* CopyFiles */,
			);
			buildRules = (
			);
			dependencies = (
			);
			name = ProjectEuler;
			productName = ProjectEuler;
			productReference = EB72239329B729BC0028EF4C /* ProjectEuler */;
			productType = "com.apple.product-type.tool";
		};
		EB7223A029B72E720028EF4C /* probleam15 */ = {
			isa = PBXNativeTarget;
			buildConfigurationList = EB7223A529B72E720028EF4C /* Build configuration list for PBXNativeTarget "probleam15" */;
			buildPhases = (
				EB72239D29B72E720028EF4C /* Sources */,
				EB72239E29B72E720028EF4C /* Frameworks */,
				EB72239F29B72E720028EF4C /* CopyFiles */,
			);
			buildRules = (
			);
			dependencies = (
			);
			name = probleam15;
			productName = probleam15;
			productReference = EB7223A129B72E720028EF4C /* probleam15 */;
			productType = "com.apple.product-type.tool";
		};
/* End PBXNativeTarget section */

/* Begin PBXProject section */
		EB72238B29B729BC0028EF4C /* Project object */ = {
			isa = PBXProject;
			attributes = {
				BuildIndependentTargetsInParallel = 1;
				LastUpgradeCheck = 1420;
				TargetAttributes = {
					EB72239229B729BC0028EF4C = {
						CreatedOnToolsVersion = 14.2;
					};
					EB7223A029B72E720028EF4C = {
						CreatedOnToolsVersion = 14.2;
					};
				};
			};
			buildConfigurationList = EB72238E29B729BC0028EF4C /* Build configuration list for PBXProject "ProjectEuler" */;
			compatibilityVersion = "Xcode 13.0";
			developmentRegion = en;
			hasScannedForEncodings = 0;
			knownRegions = (
				en,
				Base,
			);
			mainGroup = EB72238A29B729BC0028EF4C;
			productRefGroup = EB72239429B729BC0028EF4C /* Products */;
			projectDirPath = "";
			projectRoot = "";
			targets = (
				EB72239229B729BC0028EF4C /* ProjectEuler */,
				EB7223A029B72E720028EF4C /* probleam15 */,
			);
		};
/* End PBXProject section */

/* Begin PBXSourcesBuildPhase section */
		EB72238F29B729BC0028EF4C /* Sources */ = {
			isa = PBXSourcesBuildPhase;
			buildActionMask = 2147483647;
			files = (
				EB72239729B729BC0028EF4C /* main.cpp in Sources */,
			);
			runOnlyForDeploymentPostprocessing = 0;
		};
		EB72239D29B72E720028EF4C /* Sources */ = {
			isa = PBXSourcesBuildPhase;
			buildActionMask = 2147483647;
			files = (
				EB7223A429B72E720028EF4C /* main.cpp in Sources */,
			);
			runOnlyForDeploymentPostprocessing = 0;
		};
/* End PBXSourcesBuildPhase section */

/* Begin XCBuildConfiguration section */
		EB72239829B729BC0028EF4C /* Debug */ = {
			isa = XCBuildConfiguration;
			buildSettings = {
				ALWAYS_SEARCH_USER_PATHS = NO;
				CLANG_ANALYZER_NONNULL = YES;
				CLANG_ANALYZER_NUMBER_OBJECT_CONVERSION = YES_AGGRESSIVE;
				CLANG_CXX_LANGUAGE_STANDARD = "gnu++20";
				CLANG_ENABLE_MODULES = YES;
				CLANG_ENABLE_OBJC_ARC = YES;
				CLANG_ENABLE_OBJC_WEAK = YES;
				CLANG_WARN_BLOCK_CAPTURE_AUTORELEASING = YES;
				CLANG_WARN_BOOL_CONVERSION = YES;
				CLANG_WARN_COMMA = YES;
				CLANG_WARN_CONSTANT_CONVERSION = YES;
				CLANG_WARN_DEPRECATED_OBJC_IMPLEMENTATIONS = YES;
				CLANG_WARN_DIRECT_OBJC_ISA_USAGE = YES_ERROR;
				CLANG_WARN_DOCUMENTATION_COMMENTS = YES;
				CLANG_WARN_EMPTY_BODY = YES;
				CLANG_WARN_ENUM_CONVERSION = YES;
				CLANG_WARN_INFINITE_RECURSION = YES;
				CLANG_WARN_INT_CONVERSION = YES;
				CLANG_WARN_NON_LITERAL_NULL_CONVERSION = YES;
				CLANG_WARN_OBJC_IMPLICIT_RETAIN_SELF = YES;
				CLANG_WARN_OBJC_LITERAL_CONVERSION = YES;
				CLANG_WARN_OBJC_ROOT_CLASS = YES_ERROR;
				CLANG_WARN_QUOTED_INCLUDE_IN_FRAMEWORK_HEADER = YES;
				CLANG_WARN_RANGE_LOOP_ANALYSIS = YES;
				CLANG_WARN_STRICT_PROTOTYPES = YES;
				CLANG_WARN_SUSPICIOUS_MOVE = YES;
				CLANG_WARN_UNGUARDED_AVAILABILITY = YES_AGGRESSIVE;
				CLANG_WARN_UNREACHABLE_CODE = YES;
				CLANG_WARN__DUPLICATE_METHOD_MATCH = YES;
				COPY_PHASE_STRIP = NO;
				DEBUG_INFORMATION_FORMAT = dwarf;
				ENABLE_STRICT_OBJC_MSGSEND = YES;
				ENABLE_TESTABILITY = YES;
				GCC_C_LANGUAGE_STANDARD = gnu11;
				GCC_DYNAMIC_NO_PIC = NO;
				GCC_NO_COMMON_BLOCKS = YES;
				GCC_OPTIMIZATION_LEVEL = 0;
				GCC_PREPROCESSOR_DEFINITIONS = (
					"DEBUG=1",
					"$(inherited)",
				);
				GCC_WARN_64_TO_32_BIT_CONVERSION = YES;
				GCC_WARN_ABOUT_RETURN_TYPE = YES_ERROR;
				GCC_WARN_UNDECLARED_SELECTOR = YES;
				GCC_WARN_UNINITIALIZED_AUTOS = YES_AGGRESSIVE;
				GCC_WARN_UNUSED_FUNCTION = YES;
				GCC_WARN_UNUSED_VARIABLE = YES;
				MACOSX_DEPLOYMENT_TARGET = 12.6;
				MTL_ENABLE_DEBUG_INFO = INCLUDE_SOURCE;
				MTL_FAST_MATH = YES;
				ONLY_ACTIVE_ARCH = YES;
				SDKROOT = macosx;
			};
			name = Debug;
		};
		EB72239929B729BC0028EF4C /* Release */ = {
			isa = XCBuildConfiguration;
			buildSettings = {
				ALWAYS_SEARCH_USER_PATHS = NO;
				CLANG_ANALYZER_NONNULL = YES;
				CLANG_ANALYZER_NUMBER_OBJECT_CONVERSION = YES_AGGRESSIVE;
				CLANG_CXX_LANGUAGE_STANDARD = "gnu++20";
				CLANG_ENABLE_MODULES = YES;
				CLANG_ENABLE_OBJC_ARC = YES;
				CLANG_ENABLE_OBJC_WEAK = YES;
				CLANG_WARN_BLOCK_CAPTURE_AUTORELEASING = YES;
				CLANG_WARN_BOOL_CONVERSION = YES;
				CLANG_WARN_COMMA = YES;
				CLANG_WARN_CONSTANT_CONVERSION = YES;
				CLANG_WARN_DEPRECATED_OBJC_IMPLEMENTATIONS = YES;
				CLANG_WARN_DIRECT_OBJC_ISA_USAGE = YES_ERROR;
				CLANG_WARN_DOCUMENTATION_COMMENTS = YES;
				CLANG_WARN_EMPTY_BODY = YES;
				CLANG_WARN_ENUM_CONVERSION = YES;
				CLANG_WARN_INFINITE_RECURSION = YES;
				CLANG_WARN_INT_CONVERSION = YES;
				CLANG_WARN_NON_LITERAL_NULL_CONVERSION = YES;
				CLANG_WARN_OBJC_IMPLICIT_RETAIN_SELF = YES;
				CLANG_WARN_OBJC_LITERAL_CONVERSION = YES;
				CLANG_WARN_OBJC_ROOT_CLASS = YES_ERROR;
				CLANG_WARN_QUOTED_INCLUDE_IN_FRAMEWORK_HEADER = YES;
				CLANG_WARN_RANGE_LOOP_ANALYSIS = YES;
				CLANG_WARN_STRICT_PROTOTYPES = YES;
				CLANG_WARN_SUSPICIOUS_MOVE = YES;
				CLANG_WARN_UNGUARDED_AVAILABILITY = YES_AGGRESSIVE;
				CLANG_WARN_UNREACHABLE_CODE = YES;
				CLANG_WARN__DUPLICATE_METHOD_MATCH = YES;
				COPY_PHASE_STRIP = NO;
				DEBUG_INFORMATION_FORMAT = "dwarf-with-dsym";
				ENABLE_NS_ASSERTIONS = NO;
				ENABLE_STRICT_OBJC_MSGSEND = YES;
				GCC_C_LANGUAGE_STANDARD = gnu11;
				GCC_NO_COMMON_BLOCKS = YES;
				GCC_WARN_64_TO_32_BIT_CONVERSION = YES;
				GCC_WARN_ABOUT_RETURN_TYPE = YES_ERROR;
				GCC_WARN_UNDECLARED_SELECTOR = YES;
				GCC_WARN_UNINITIALIZED_AUTOS = YES_AGGRESSIVE;
				GCC_WARN_UNUSED_FUNCTION = YES;
				GCC_WARN_UNUSED_VARIABLE = YES;
				MACOSX_DEPLOYMENT_TARGET = 12.6;
				MTL_ENABLE_DEBUG_INFO = NO;
				MTL_FAST_MATH = YES;
				SDKROOT = macosx;
			};
			name = Release;
		};
		EB72239B29B729BC0028EF4C /* Debug */ = {
			isa = XCBuildConfiguration;
			buildSettings = {
				CODE_SIGN_STYLE = Automatic;
				MACOSX_DEPLOYMENT_TARGET = 10.9;
				PRODUCT_NAME = "$(TARGET_NAME)";
			};
			name = Debug;
		};
		EB72239C29B729BC0028EF4C /* Release */ = {
			isa = XCBuildConfiguration;
			buildSettings = {
				CODE_SIGN_STYLE = Automatic;
				MACOSX_DEPLOYMENT_TARGET = 10.9;
				PRODUCT_NAME = "$(TARGET_NAME)";
			};
			name = Release;
		};
		EB7223A629B72E720028EF4C /* Debug */ = {
			isa = XCBuildConfiguration;
			buildSettings = {
				CODE_SIGN_STYLE = Automatic;
				MACOSX_DEPLOYMENT_TARGET = 10.9;
				PRODUCT_NAME = "$(TARGET_NAME)";
			};
			name = Debug;
		};
		EB7223A729B72E720028EF4C /* Release */ = {
			isa = XCBuildConfiguration;
			buildSettings = {
				CODE_SIGN_STYLE = Automatic;
				MACOSX_DEPLOYMENT_TARGET = 10.9;
				PRODUCT_NAME = "$(TARGET_NAME)";
			};
			name = Release;
		};
/* End XCBuildConfiguration section */

/* Begin XCConfigurationList section */
		EB72238E29B729BC0028EF4C /* Build configuration list for PBXProject "ProjectEuler" */ = {
			isa = XCConfigurationList;
			buildConfigurations = (
				EB72239829B729BC0028EF4C /* Debug */,
				EB72239929B729BC0028EF4C /* Release */,
			);
			defaultConfigurationIsVisible = 0;
			defaultConfigurationName = Release;
		};
		EB72239A29B729BC0028EF4C /* Build configuration list for PBXNativeTarget "ProjectEuler" */ = {
			isa = XCConfigurationList;
			buildConfigurations = (
				EB72239B29B729BC0028EF4C /* Debug */,
				EB72239C29B729BC0028EF4C /* Release */,
			);
			defaultConfigurationIsVisible = 0;
			defaultConfigurationName = Release;
		};
		EB7223A529B72E720028EF4C /* Build configuration list for PBXNativeTarget "probleam15" */ = {
			isa = XCConfigurationList;
			buildConfigurations = (
				EB7223A629B72E720028EF4C /* Debug */,
				EB7223A729B72E720028EF4C /* Release */,
			);
			defaultConfigurationIsVisible = 0;
			defaultConfigurationName = Release;
		};
/* End XCConfigurationList section */
	};
	rootObject = EB72238B29B729BC0028EF4C /* Project object */;
}
